// !$*UTF8*$!
{
	archiveVersion = 1;
	classes = {
	};
	objectVersion = 56;
	objects = {

/* Begin PBXBuildFile section */
		D33AADE92B98E12F00107BD4 /* AppDelegate.swift in Sources */ = {isa = PBXBuildFile; fileRef = D33AADE82B98E12F00107BD4 /* AppDelegate.swift */; };
		D33AADEB2B98E12F00107BD4 /* SceneDelegate.swift in Sources */ = {isa = PBXBuildFile; fileRef = D33AADEA2B98E12F00107BD4 /* SceneDelegate.swift */; };
		D33AADED2B98E12F00107BD4 /* CharactersTableViewController.swift in Sources */ = {isa = PBXBuildFile; fileRef = D33AADEC2B98E12F00107BD4 /* CharactersTableViewController.swift */; };
		D33AADF02B98E12F00107BD4 /* Main.storyboard in Resources */ = {isa = PBXBuildFile; fileRef = D33AADEE2B98E12F00107BD4 /* Main.storyboard */; };
		D33AADF22B98E13000107BD4 /* Assets.xcassets in Resources */ = {isa = PBXBuildFile; fileRef = D33AADF12B98E13000107BD4 /* Assets.xcassets */; };
		D33AADF52B98E13000107BD4 /* LaunchScreen.storyboard in Resources */ = {isa = PBXBuildFile; fileRef = D33AADF32B98E13000107BD4 /* LaunchScreen.storyboard */; };
		D33AADFD2B98EA8300107BD4 /* TableViewCell.swift in Sources */ = {isa = PBXBuildFile; fileRef = D33AADFC2B98EA8300107BD4 /* TableViewCell.swift */; };
		D33AADFF2B98ED5D00107BD4 /* CharacterDetailsViewController.swift in Sources */ = {isa = PBXBuildFile; fileRef = D33AADFE2B98ED5D00107BD4 /* CharacterDetailsViewController.swift */; };
		D33AAE012B98F10C00107BD4 /* NetworkManager.swift in Sources */ = {isa = PBXBuildFile; fileRef = D33AAE002B98F10C00107BD4 /* NetworkManager.swift */; };
		D33AAE032B98F25600107BD4 /* Character.swift in Sources */ = {isa = PBXBuildFile; fileRef = D33AAE022B98F25600107BD4 /* Character.swift */; };
/* End PBXBuildFile section */

/* Begin PBXFileReference section */
		D33AADE52B98E12F00107BD4 /* HarryPotter'sCharacterGallery.app */ = {isa = PBXFileReference; explicitFileType = wrapper.application; includeInIndex = 0; path = "HarryPotter'sCharacterGallery.app"; sourceTree = BUILT_PRODUCTS_DIR; };
		D33AADE82B98E12F00107BD4 /* AppDelegate.swift */ = {isa = PBXFileReference; lastKnownFileType = sourcecode.swift; path = AppDelegate.swift; sourceTree = "<group>"; };
		D33AADEA2B98E12F00107BD4 /* SceneDelegate.swift */ = {isa = PBXFileReference; lastKnownFileType = sourcecode.swift; path = SceneDelegate.swift; sourceTree = "<group>"; };
		D33AADEC2B98E12F00107BD4 /* CharactersTableViewController.swift */ = {isa = PBXFileReference; lastKnownFileType = sourcecode.swift; path = CharactersTableViewController.swift; sourceTree = "<group>"; };
		D33AADEF2B98E12F00107BD4 /* Base */ = {isa = PBXFileReference; lastKnownFileType = file.storyboard; name = Base; path = Base.lproj/Main.storyboard; sourceTree = "<group>"; };
		D33AADF12B98E13000107BD4 /* Assets.xcassets */ = {isa = PBXFileReference; lastKnownFileType = folder.assetcatalog; path = Assets.xcassets; sourceTree = "<group>"; };
		D33AADF42B98E13000107BD4 /* Base */ = {isa = PBXFileReference; lastKnownFileType = file.storyboard; name = Base; path = Base.lproj/LaunchScreen.storyboard; sourceTree = "<group>"; };
		D33AADF62B98E13000107BD4 /* Info.plist */ = {isa = PBXFileReference; lastKnownFileType = text.plist.xml; path = Info.plist; sourceTree = "<group>"; };
		D33AADFC2B98EA8300107BD4 /* TableViewCell.swift */ = {isa = PBXFileReference; lastKnownFileType = sourcecode.swift; path = TableViewCell.swift; sourceTree = "<group>"; };
		D33AADFE2B98ED5D00107BD4 /* CharacterDetailsViewController.swift */ = {isa = PBXFileReference; lastKnownFileType = sourcecode.swift; path = CharacterDetailsViewController.swift; sourceTree = "<group>"; };
		D33AAE002B98F10C00107BD4 /* NetworkManager.swift */ = {isa = PBXFileReference; lastKnownFileType = sourcecode.swift; path = NetworkManager.swift; sourceTree = "<group>"; };
		D33AAE022B98F25600107BD4 /* Character.swift */ = {isa = PBXFileReference; lastKnownFileType = sourcecode.swift; path = Character.swift; sourceTree = "<group>"; };
/* End PBXFileReference section */

/* Begin PBXFrameworksBuildPhase section */
		D33AADE22B98E12F00107BD4 /* Frameworks */ = {
			isa = PBXFrameworksBuildPhase;
			buildActionMask = 2147483647;
			files = (
			);
			runOnlyForDeploymentPostprocessing = 0;
		};
/* End PBXFrameworksBuildPhase section */

/* Begin PBXGroup section */
		D32916912B99B97F006D837B /* Models */ = {
			isa = PBXGroup;
			children = (
				D33AAE022B98F25600107BD4 /* Character.swift */,
			);
			path = Models;
			sourceTree = "<group>";
		};
		D32916922B99B98F006D837B /* Views */ = {
			isa = PBXGroup;
			children = (
				D33AADFC2B98EA8300107BD4 /* TableViewCell.swift */,
			);
			path = Views;
			sourceTree = "<group>";
		};
		D32916932B99B9A5006D837B /* Services */ = {
			isa = PBXGroup;
			children = (
				D33AAE002B98F10C00107BD4 /* NetworkManager.swift */,
			);
			path = Services;
			sourceTree = "<group>";
		};
		D32916942B99B9DA006D837B /* SupportingFiles */ = {
			isa = PBXGroup;
			children = (
				D33AADE82B98E12F00107BD4 /* AppDelegate.swift */,
				D33AADEA2B98E12F00107BD4 /* SceneDelegate.swift */,
				D33AADF62B98E13000107BD4 /* Info.plist */,
			);
			path = SupportingFiles;
			sourceTree = "<group>";
		};
		D32916952B99BA26006D837B /* ViewControllers */ = {
			isa = PBXGroup;
			children = (
				D33AADEC2B98E12F00107BD4 /* CharactersTableViewController.swift */,
				D33AADFE2B98ED5D00107BD4 /* CharacterDetailsViewController.swift */,
			);
			path = ViewControllers;
			sourceTree = "<group>";
		};
		D32916962B99BA47006D837B /* Storyboards */ = {
			isa = PBXGroup;
			children = (
				D33AADEE2B98E12F00107BD4 /* Main.storyboard */,
				D33AADF32B98E13000107BD4 /* LaunchScreen.storyboard */,
			);
			path = Storyboards;
			sourceTree = "<group>";
		};
		D32916972B99BA54006D837B /* Sourse */ = {
			isa = PBXGroup;
			children = (
				D33AADF12B98E13000107BD4 /* Assets.xcassets */,
			);
			path = Sourse;
			sourceTree = "<group>";
		};
		D33AADDC2B98E12F00107BD4 = {
			isa = PBXGroup;
			children = (
				D33AADE72B98E12F00107BD4 /* HarryPotter'sCharacterGallery */,
				D33AADE62B98E12F00107BD4 /* Products */,
			);
			sourceTree = "<group>";
		};
		D33AADE62B98E12F00107BD4 /* Products */ = {
			isa = PBXGroup;
			children = (
				D33AADE52B98E12F00107BD4 /* HarryPotter'sCharacterGallery.app */,
			);
			name = Products;
			sourceTree = "<group>";
		};
		D33AADE72B98E12F00107BD4 /* HarryPotter'sCharacterGallery */ = {
			isa = PBXGroup;
			children = (
				D32916942B99B9DA006D837B /* SupportingFiles */,
				D32916952B99BA26006D837B /* ViewControllers */,
				D32916912B99B97F006D837B /* Models */,
				D32916922B99B98F006D837B /* Views */,
				D32916932B99B9A5006D837B /* Services */,
				D32916962B99BA47006D837B /* Storyboards */,
				D32916972B99BA54006D837B /* Sourse */,
			);
			path = "HarryPotter'sCharacterGallery";
			sourceTree = "<group>";
		};
/* End PBXGroup section */

/* Begin PBXNativeTarget section */
		D33AADE42B98E12F00107BD4 /* HarryPotter'sCharacterGallery */ = {
			isa = PBXNativeTarget;
			buildConfigurationList = D33AADF92B98E13000107BD4 /* Build configuration list for PBXNativeTarget "HarryPotter'sCharacterGallery" */;
			buildPhases = (
				D33AADE12B98E12F00107BD4 /* Sources */,
				D33AADE22B98E12F00107BD4 /* Frameworks */,
				D33AADE32B98E12F00107BD4 /* Resources */,
			);
			buildRules = (
			);
			dependencies = (
			);
			name = "HarryPotter'sCharacterGallery";
			productName = "HarryPotter'sCharacterGallery";
			productReference = D33AADE52B98E12F00107BD4 /* HarryPotter'sCharacterGallery.app */;
			productType = "com.apple.product-type.application";
		};
/* End PBXNativeTarget section */

/* Begin PBXProject section */
		D33AADDD2B98E12F00107BD4 /* Project object */ = {
			isa = PBXProject;
			attributes = {
				BuildIndependentTargetsInParallel = 1;
				LastSwiftUpdateCheck = 1510;
				LastUpgradeCheck = 1510;
				TargetAttributes = {
					D33AADE42B98E12F00107BD4 = {
						CreatedOnToolsVersion = 15.1;
					};
				};
			};
			buildConfigurationList = D33AADE02B98E12F00107BD4 /* Build configuration list for PBXProject "HarryPotter'sCharacterGallery" */;
			compatibilityVersion = "Xcode 14.0";
			developmentRegion = en;
			hasScannedForEncodings = 0;
			knownRegions = (
				en,
				Base,
			);
			mainGroup = D33AADDC2B98E12F00107BD4;
			productRefGroup = D33AADE62B98E12F00107BD4 /* Products */;
			projectDirPath = "";
			projectRoot = "";
			targets = (
				D33AADE42B98E12F00107BD4 /* HarryPotter'sCharacterGallery */,
			);
		};
/* End PBXProject section */

/* Begin PBXResourcesBuildPhase section */
		D33AADE32B98E12F00107BD4 /* Resources */ = {
			isa = PBXResourcesBuildPhase;
			buildActionMask = 2147483647;
			files = (
				D33AADF52B98E13000107BD4 /* LaunchScreen.storyboard in Resources */,
				D33AADF22B98E13000107BD4 /* Assets.xcassets in Resources */,
				D33AADF02B98E12F00107BD4 /* Main.storyboard in Resources */,
			);
			runOnlyForDeploymentPostprocessing = 0;
		};
/* End PBXResourcesBuildPhase section */

/* Begin PBXSourcesBuildPhase section */
		D33AADE12B98E12F00107BD4 /* Sources */ = {
			isa = PBXSourcesBuildPhase;
			buildActionMask = 2147483647;
			files = (
				D33AAE012B98F10C00107BD4 /* NetworkManager.swift in Sources */,
				D33AADED2B98E12F00107BD4 /* CharactersTableViewController.swift in Sources */,
				D33AAE032B98F25600107BD4 /* Character.swift in Sources */,
				D33AADFD2B98EA8300107BD4 /* TableViewCell.swift in Sources */,
				D33AADFF2B98ED5D00107BD4 /* CharacterDetailsViewController.swift in Sources */,
				D33AADE92B98E12F00107BD4 /* AppDelegate.swift in Sources */,
				D33AADEB2B98E12F00107BD4 /* SceneDelegate.swift in Sources */,
			);
			runOnlyForDeploymentPostprocessing = 0;
		};
/* End PBXSourcesBuildPhase section */

/* Begin PBXVariantGroup section */
		D33AADEE2B98E12F00107BD4 /* Main.storyboard */ = {
			isa = PBXVariantGroup;
			children = (
				D33AADEF2B98E12F00107BD4 /* Base */,
			);
			name = Main.storyboard;
			sourceTree = "<group>";
		};
		D33AADF32B98E13000107BD4 /* LaunchScreen.storyboard */ = {
			isa = PBXVariantGroup;
			children = (
				D33AADF42B98E13000107BD4 /* Base */,
			);
			name = LaunchScreen.storyboard;
			sourceTree = "<group>";
		};
/* End PBXVariantGroup section */

/* Begin XCBuildConfiguration section */
		D33AADF72B98E13000107BD4 /* Debug */ = {
			isa = XCBuildConfiguration;
			buildSettings = {
				ALWAYS_SEARCH_USER_PATHS = NO;
				ASSETCATALOG_COMPILER_GENERATE_SWIFT_ASSET_SYMBOL_EXTENSIONS = YES;
				CLANG_ANALYZER_NONNULL = YES;
				CLANG_ANALYZER_NUMBER_OBJECT_CONVERSION = YES_AGGRESSIVE;
				CLANG_CXX_LANGUAGE_STANDARD = "gnu++20";
				CLANG_ENABLE_MODULES = YES;
				CLANG_ENABLE_OBJC_ARC = YES;
				CLANG_ENABLE_OBJC_WEAK = YES;
				CLANG_WARN_BLOCK_CAPTURE_AUTORELEASING = YES;
				CLANG_WARN_BOOL_CONVERSION = YES;
				CLANG_WARN_COMMA = YES;
				CLANG_WARN_CONSTANT_CONVERSION = YES;
				CLANG_WARN_DEPRECATED_OBJC_IMPLEMENTATIONS = YES;
				CLANG_WARN_DIRECT_OBJC_ISA_USAGE = YES_ERROR;
				CLANG_WARN_DOCUMENTATION_COMMENTS = YES;
				CLANG_WARN_EMPTY_BODY = YES;
				CLANG_WARN_ENUM_CONVERSION = YES;
				CLANG_WARN_INFINITE_RECURSION = YES;
				CLANG_WARN_INT_CONVERSION = YES;
				CLANG_WARN_NON_LITERAL_NULL_CONVERSION = YES;
				CLANG_WARN_OBJC_IMPLICIT_RETAIN_SELF = YES;
				CLANG_WARN_OBJC_LITERAL_CONVERSION = YES;
				CLANG_WARN_OBJC_ROOT_CLASS = YES_ERROR;
				CLANG_WARN_QUOTED_INCLUDE_IN_FRAMEWORK_HEADER = YES;
				CLANG_WARN_RANGE_LOOP_ANALYSIS = YES;
				CLANG_WARN_STRICT_PROTOTYPES = YES;
				CLANG_WARN_SUSPICIOUS_MOVE = YES;
				CLANG_WARN_UNGUARDED_AVAILABILITY = YES_AGGRESSIVE;
				CLANG_WARN_UNREACHABLE_CODE = YES;
				CLANG_WARN__DUPLICATE_METHOD_MATCH = YES;
				COPY_PHASE_STRIP = NO;
				DEBUG_INFORMATION_FORMAT = dwarf;
				ENABLE_STRICT_OBJC_MSGSEND = YES;
				ENABLE_TESTABILITY = YES;
				ENABLE_USER_SCRIPT_SANDBOXING = YES;
				GCC_C_LANGUAGE_STANDARD = gnu17;
				GCC_DYNAMIC_NO_PIC = NO;
				GCC_NO_COMMON_BLOCKS = YES;
				GCC_OPTIMIZATION_LEVEL = 0;
				GCC_PREPROCESSOR_DEFINITIONS = (
					"DEBUG=1",
					"$(inherited)",
				);
				GCC_WARN_64_TO_32_BIT_CONVERSION = YES;
				GCC_WARN_ABOUT_RETURN_TYPE = YES_ERROR;
				GCC_WARN_UNDECLARED_SELECTOR = YES;
				GCC_WARN_UNINITIALIZED_AUTOS = YES_AGGRESSIVE;
				GCC_WARN_UNUSED_FUNCTION = YES;
				GCC_WARN_UNUSED_VARIABLE = YES;
				IPHONEOS_DEPLOYMENT_TARGET = 16.2;
				LOCALIZATION_PREFERS_STRING_CATALOGS = YES;
				MTL_ENABLE_DEBUG_INFO = INCLUDE_SOURCE;
				MTL_FAST_MATH = YES;
				ONLY_ACTIVE_ARCH = YES;
				SDKROOT = iphoneos;
				SWIFT_ACTIVE_COMPILATION_CONDITIONS = "DEBUG $(inherited)";
				SWIFT_OPTIMIZATION_LEVEL = "-Onone";
			};
			name = Debug;
		};
		D33AADF82B98E13000107BD4 /* Release */ = {
			isa = XCBuildConfiguration;
			buildSettings = {
				ALWAYS_SEARCH_USER_PATHS = NO;
				ASSETCATALOG_COMPILER_GENERATE_SWIFT_ASSET_SYMBOL_EXTENSIONS = YES;
				CLANG_ANALYZER_NONNULL = YES;
				CLANG_ANALYZER_NUMBER_OBJECT_CONVERSION = YES_AGGRESSIVE;
				CLANG_CXX_LANGUAGE_STANDARD = "gnu++20";
				CLANG_ENABLE_MODULES = YES;
				CLANG_ENABLE_OBJC_ARC = YES;
				CLANG_ENABLE_OBJC_WEAK = YES;
				CLANG_WARN_BLOCK_CAPTURE_AUTORELEASING = YES;
				CLANG_WARN_BOOL_CONVERSION = YES;
				CLANG_WARN_COMMA = YES;
				CLANG_WARN_CONSTANT_CONVERSION = YES;
				CLANG_WARN_DEPRECATED_OBJC_IMPLEMENTATIONS = YES;
				CLANG_WARN_DIRECT_OBJC_ISA_USAGE = YES_ERROR;
				CLANG_WARN_DOCUMENTATION_COMMENTS = YES;
				CLANG_WARN_EMPTY_BODY = YES;
				CLANG_WARN_ENUM_CONVERSION = YES;
				CLANG_WARN_INFINITE_RECURSION = YES;
				CLANG_WARN_INT_CONVERSION = YES;
				CLANG_WARN_NON_LITERAL_NULL_CONVERSION = YES;
				CLANG_WARN_OBJC_IMPLICIT_RETAIN_SELF = YES;
				CLANG_WARN_OBJC_LITERAL_CONVERSION = YES;
				CLANG_WARN_OBJC_ROOT_CLASS = YES_ERROR;
				CLANG_WARN_QUOTED_INCLUDE_IN_FRAMEWORK_HEADER = YES;
				CLANG_WARN_RANGE_LOOP_ANALYSIS = YES;
				CLANG_WARN_STRICT_PROTOTYPES = YES;
				CLANG_WARN_SUSPICIOUS_MOVE = YES;
				CLANG_WARN_UNGUARDED_AVAILABILITY = YES_AGGRESSIVE;
				CLANG_WARN_UNREACHABLE_CODE = YES;
				CLANG_WARN__DUPLICATE_METHOD_MATCH = YES;
				COPY_PHASE_STRIP = NO;
				DEBUG_INFORMATION_FORMAT = "dwarf-with-dsym";
				ENABLE_NS_ASSERTIONS = NO;
				ENABLE_STRICT_OBJC_MSGSEND = YES;
				ENABLE_USER_SCRIPT_SANDBOXING = YES;
				GCC_C_LANGUAGE_STANDARD = gnu17;
				GCC_NO_COMMON_BLOCKS = YES;
				GCC_WARN_64_TO_32_BIT_CONVERSION = YES;
				GCC_WARN_ABOUT_RETURN_TYPE = YES_ERROR;
				GCC_WARN_UNDECLARED_SELECTOR = YES;
				GCC_WARN_UNINITIALIZED_AUTOS = YES_AGGRESSIVE;
				GCC_WARN_UNUSED_FUNCTION = YES;
				GCC_WARN_UNUSED_VARIABLE = YES;
				IPHONEOS_DEPLOYMENT_TARGET = 16.2;
				LOCALIZATION_PREFERS_STRING_CATALOGS = YES;
				MTL_ENABLE_DEBUG_INFO = NO;
				MTL_FAST_MATH = YES;
				SDKROOT = iphoneos;
				SWIFT_COMPILATION_MODE = wholemodule;
				VALIDATE_PRODUCT = YES;
			};
			name = Release;
		};
		D33AADFA2B98E13000107BD4 /* Debug */ = {
			isa = XCBuildConfiguration;
			buildSettings = {
				ASSETCATALOG_COMPILER_APPICON_NAME = AppIcon;
				ASSETCATALOG_COMPILER_GLOBAL_ACCENT_COLOR_NAME = AccentColor;
				CODE_SIGN_STYLE = Automatic;
				CURRENT_PROJECT_VERSION = 1;
				GENERATE_INFOPLIST_FILE = YES;
				INFOPLIST_FILE = "HarryPotter'sCharacterGallery/SupportingFiles/Info.plist";
				INFOPLIST_KEY_UIApplicationSupportsIndirectInputEvents = YES;
				INFOPLIST_KEY_UILaunchStoryboardName = LaunchScreen;
				INFOPLIST_KEY_UIMainStoryboardFile = Main;
				INFOPLIST_KEY_UISupportedInterfaceOrientations = UIInterfaceOrientationPortrait;
				INFOPLIST_KEY_UISupportedInterfaceOrientations_iPad = "UIInterfaceOrientationLandscapeLeft UIInterfaceOrientationLandscapeRight UIInterfaceOrientationPortrait UIInterfaceOrientationPortraitUpsideDown";
				IPHONEOS_DEPLOYMENT_TARGET = 15.1;
				LD_RUNPATH_SEARCH_PATHS = (
					"$(inherited)",
					"@executable_path/Frameworks",
				);
				MARKETING_VERSION = 1.0;
				PRODUCT_BUNDLE_IDENTIFIER = "org.balandzin.HarryPotter-sCharacterGallery";
				PRODUCT_NAME = "$(TARGET_NAME)";
				SUPPORTED_PLATFORMS = "iphoneos iphonesimulator";
				SUPPORTS_MACCATALYST = NO;
				SUPPORTS_MAC_DESIGNED_FOR_IPHONE_IPAD = NO;
				SWIFT_EMIT_LOC_STRINGS = YES;
				SWIFT_VERSION = 5.0;
				TARGETED_DEVICE_FAMILY = 1;
			};
			name = Debug;
		};
		D33AADFB2B98E13000107BD4 /* Release */ = {
			isa = XCBuildConfiguration;
			buildSettings = {
				ASSETCATALOG_COMPILER_APPICON_NAME = AppIcon;
				ASSETCATALOG_COMPILER_GLOBAL_ACCENT_COLOR_NAME = AccentColor;
				CODE_SIGN_STYLE = Automatic;
				CURRENT_PROJECT_VERSION = 1;
				GENERATE_INFOPLIST_FILE = YES;
				INFOPLIST_FILE = "HarryPotter'sCharacterGallery/SupportingFiles/Info.plist";
				INFOPLIST_KEY_UIApplicationSupportsIndirectInputEvents = YES;
				INFOPLIST_KEY_UILaunchStoryboardName = LaunchScreen;
				INFOPLIST_KEY_UIMainStoryboardFile = Main;
				INFOPLIST_KEY_UISupportedInterfaceOrientations = UIInterfaceOrientationPortrait;
				INFOPLIST_KEY_UISupportedInterfaceOrientations_iPad = "UIInterfaceOrientationLandscapeLeft UIInterfaceOrientationLandscapeRight UIInterfaceOrientationPortrait UIInterfaceOrientationPortraitUpsideDown";
				IPHONEOS_DEPLOYMENT_TARGET = 15.1;
				LD_RUNPATH_SEARCH_PATHS = (
					"$(inherited)",
					"@executable_path/Frameworks",
				);
				MARKETING_VERSION = 1.0;
				PRODUCT_BUNDLE_IDENTIFIER = "org.balandzin.HarryPotter-sCharacterGallery";
				PRODUCT_NAME = "$(TARGET_NAME)";
				SUPPORTED_PLATFORMS = "iphoneos iphonesimulator";
				SUPPORTS_MACCATALYST = NO;
				SUPPORTS_MAC_DESIGNED_FOR_IPHONE_IPAD = NO;
				SWIFT_EMIT_LOC_STRINGS = YES;
				SWIFT_VERSION = 5.0;
				TARGETED_DEVICE_FAMILY = 1;
			};
			name = Release;
		};
/* End XCBuildConfiguration section */

/* Begin XCConfigurationList section */
		D33AADE02B98E12F00107BD4 /* Build configuration list for PBXProject "HarryPotter'sCharacterGallery" */ = {
			isa = XCConfigurationList;
			buildConfigurations = (
				D33AADF72B98E13000107BD4 /* Debug */,
				D33AADF82B98E13000107BD4 /* Release */,
			);
			defaultConfigurationIsVisible = 0;
			defaultConfigurationName = Release;
		};
		D33AADF92B98E13000107BD4 /* Build configuration list for PBXNativeTarget "HarryPotter'sCharacterGallery" */ = {
			isa = XCConfigurationList;
			buildConfigurations = (
				D33AADFA2B98E13000107BD4 /* Debug */,
				D33AADFB2B98E13000107BD4 /* Release */,
			);
			defaultConfigurationIsVisible = 0;
			defaultConfigurationName = Release;
		};
/* End XCConfigurationList section */
	};
	rootObject = D33AADDD2B98E12F00107BD4 /* Project object */;
}
